{
  "name": "lobster-web-shell",
  "version": "0.1.0",
  "lockfileVersion": 3,
  "requires": true,
  "packages": {
    "": {
      "name": "lobster-web-shell",
      "version": "0.1.0",
      "license": "MIT",
      "dependencies": {
        "@chenglou/pretext": "0.0.6",
        "phaser": "^3.90.0",
        "rpgui": "^1.0.3"
      }
    },
    "node_modules/@chenglou/pretext": {
      "version": "0.0.6",
      "resolved": "https://registry.npmjs.org/@chenglou/pretext/-/pretext-0.0.6.tgz",
      "integrity": "sha512-U10s4tFeyu3oVHfXuNWwZSKqHXefhaigpcBkGj60qQFRJ+yUoQ+ez3cGJelP7BWDAB58HCgjcTSmOcg+77afBQ==",
      "license": "MIT"
    },
    "node_modules/eventemitter3": {
      "version": "5.0.4",
      "resolved": "https://registry.npmjs.org/eventemitter3/-/eventemitter3-5.0.4.tgz",
      "integrity": "sha512-mlsTRyGaPBjPedk6Bvw+aqbsXDtoAyAzm5MO7JgU+yVRyMQ5O8bD4Kcci7BS85f93veegeCPkL8R4GLClnjLFw==",
      "license": "MIT"
    },
    "node_modules/phaser": {
      "version": "3.90.0",
      "resolved": "https://registry.npmjs.org/phaser/-/phaser-3.90.0.tgz",
      "integrity": "sha512-/cziz/5ZIn02uDkC9RzN8VF9x3Gs3XdFFf9nkiMEQT3p7hQlWuyjy4QWosU802qqno2YSLn2BfqwOKLv/sSVfQ==",
      "license": "MIT",
      "dependencies": {
        "eventemitter3": "^5.0.1"
      }
    },
    "node_modules/rpgui": {
      "version": "1.0.3",
      "resolved": "https://registry.npmjs.org/rpgui/-/rpgui-1.0.3.tgz",
      "integrity": "sha512-7wvrQakh3XxHEnsHEuMlWR0RIARzOJKDcmsVvxri9dODVAfQdcbZ86Wh8+XJMr+7LY8LibkVMInV8Ex5UVr66w==",
      "license": "Zlib"
    }
  }
}
